// !$*UTF8*$!
{
	archiveVersion = 1;
	classes = {
	};
	objectVersion = 48;
	objects = {

/* Begin PBXBuildFile section */
		4F0F1CDB20654FDA00B04E28 /* AppDelegate.swift in Sources */ = {isa = PBXBuildFile; fileRef = 4F0F1CDA20654FDA00B04E28 /* AppDelegate.swift */; };
		4F0F1CE520654FDA00B04E28 /* LaunchScreen.storyboard in Resources */ = {isa = PBXBuildFile; fileRef = 4F0F1CE320654FDA00B04E28 /* LaunchScreen.storyboard */; };
		4F0F1CF020654FDA00B04E28 /* FriendshipCoinTests.swift in Sources */ = {isa = PBXBuildFile; fileRef = 4F0F1CEF20654FDA00B04E28 /* FriendshipCoinTests.swift */; };
		4F0F1CFB20654FDA00B04E28 /* FriendshipCoinUITests.swift in Sources */ = {isa = PBXBuildFile; fileRef = 4F0F1CFA20654FDA00B04E28 /* FriendshipCoinUITests.swift */; };
		4F0F1D652065B15300B04E28 /* TabBarController.swift in Sources */ = {isa = PBXBuildFile; fileRef = 4F0F1D642065B15300B04E28 /* TabBarController.swift */; };
		4F0F1D6A2065B2DD00B04E28 /* AddressManager.swift in Sources */ = {isa = PBXBuildFile; fileRef = 4F0F1D692065B2DD00B04E28 /* AddressManager.swift */; };
		4F0F1D6C2065B2E600B04E28 /* KeyManager.swift in Sources */ = {isa = PBXBuildFile; fileRef = 4F0F1D6B2065B2E600B04E28 /* KeyManager.swift */; };
		4F0F1D7D2065BF3F00B04E28 /* OnboardingNavigationViewController.swift in Sources */ = {isa = PBXBuildFile; fileRef = 4F0F1D7C2065BF3F00B04E28 /* OnboardingNavigationViewController.swift */; };
		4F0F1D7F2065BF7900B04E28 /* OnboardingViewController.swift in Sources */ = {isa = PBXBuildFile; fileRef = 4F0F1D7E2065BF7900B04E28 /* OnboardingViewController.swift */; };
		4F0F1D802065C0F100B04E28 /* KeychainAccess.framework in Frameworks */ = {isa = PBXBuildFile; fileRef = 4F0F1D7A2065B4DC00B04E28 /* KeychainAccess.framework */; };
		4F0F1D812065C0F100B04E28 /* KeychainAccess.framework in Embed Frameworks */ = {isa = PBXBuildFile; fileRef = 4F0F1D7A2065B4DC00B04E28 /* KeychainAccess.framework */; settings = {ATTRIBUTES = (CodeSignOnCopy, RemoveHeadersOnCopy, ); }; };
		4F0F1D842065C0F100B04E28 /* CommonCrypto.framework in Frameworks */ = {isa = PBXBuildFile; fileRef = 4F0F1D6E2065B37500B04E28 /* CommonCrypto.framework */; };
		4F0F1D852065C0F100B04E28 /* CommonCrypto.framework in Embed Frameworks */ = {isa = PBXBuildFile; fileRef = 4F0F1D6E2065B37500B04E28 /* CommonCrypto.framework */; settings = {ATTRIBUTES = (CodeSignOnCopy, RemoveHeadersOnCopy, ); }; };
		4F0F1D862065C0F100B04E28 /* Crypto.framework in Frameworks */ = {isa = PBXBuildFile; fileRef = 4F0F1D702065B37500B04E28 /* Crypto.framework */; };
		4F0F1D872065C0F100B04E28 /* Crypto.framework in Embed Frameworks */ = {isa = PBXBuildFile; fileRef = 4F0F1D702065B37500B04E28 /* Crypto.framework */; settings = {ATTRIBUTES = (CodeSignOnCopy, RemoveHeadersOnCopy, ); }; };
		4F0F1D882065C0F100B04E28 /* Stevia.framework in Frameworks */ = {isa = PBXBuildFile; fileRef = 4F0F1D6F2065B37500B04E28 /* Stevia.framework */; };
		4F0F1D892065C0F100B04E28 /* Stevia.framework in Embed Frameworks */ = {isa = PBXBuildFile; fileRef = 4F0F1D6F2065B37500B04E28 /* Stevia.framework */; settings = {ATTRIBUTES = (CodeSignOnCopy, RemoveHeadersOnCopy, ); }; };
		4F0F1D8A2065C0F100B04E28 /* SwiftyJSON.framework in Frameworks */ = {isa = PBXBuildFile; fileRef = 4F0F1D732065B37500B04E28 /* SwiftyJSON.framework */; };
		4F0F1D8B2065C0F100B04E28 /* SwiftyJSON.framework in Embed Frameworks */ = {isa = PBXBuildFile; fileRef = 4F0F1D732065B37500B04E28 /* SwiftyJSON.framework */; settings = {ATTRIBUTES = (CodeSignOnCopy, RemoveHeadersOnCopy, ); }; };
		4F0F1D8F2065C18300B04E28 /* HomeViewController.swift in Sources */ = {isa = PBXBuildFile; fileRef = 4F0F1D8E2065C18300B04E28 /* HomeViewController.swift */; };
		4F0F1D922065C79000B04E28 /* TinyConstraints.framework in Frameworks */ = {isa = PBXBuildFile; fileRef = 4F0F1D902065C78400B04E28 /* TinyConstraints.framework */; };
		4F0F1D932065C79000B04E28 /* TinyConstraints.framework in Embed Frameworks */ = {isa = PBXBuildFile; fileRef = 4F0F1D902065C78400B04E28 /* TinyConstraints.framework */; settings = {ATTRIBUTES = (CodeSignOnCopy, RemoveHeadersOnCopy, ); }; };
		4F0F8D6A2097593500831010 /* SyncTask.swift in Sources */ = {isa = PBXBuildFile; fileRef = 4F0F8D692097593500831010 /* SyncTask.swift */; };
		4F1D9D102066E01C0065E3EF /* UIButton+Style.swift in Sources */ = {isa = PBXBuildFile; fileRef = 4F1D9D0F2066E01C0065E3EF /* UIButton+Style.swift */; };
		4F1D9D132066E37D0065E3EF /* BalanceViewController.swift in Sources */ = {isa = PBXBuildFile; fileRef = 4F1D9D122066E37D0065E3EF /* BalanceViewController.swift */; };
		4F1D9D15206805BE0065E3EF /* Assets.xcassets in Resources */ = {isa = PBXBuildFile; fileRef = 4F1D9D14206805BE0065E3EF /* Assets.xcassets */; };
		4F1D9D1A206806790065E3EF /* TransactionsTableViewController.swift in Sources */ = {isa = PBXBuildFile; fileRef = 4F1D9D19206806790065E3EF /* TransactionsTableViewController.swift */; };
		4F1D9D1C206806B70065E3EF /* AccountsViewController.swift in Sources */ = {isa = PBXBuildFile; fileRef = 4F1D9D1B206806B70065E3EF /* AccountsViewController.swift */; };
		4F1D9D1E206806CE0065E3EF /* SettingsViewController.swift in Sources */ = {isa = PBXBuildFile; fileRef = 4F1D9D1D206806CE0065E3EF /* SettingsViewController.swift */; };
		4F244280206B0AB0008E1600 /* AddressService.swift in Sources */ = {isa = PBXBuildFile; fileRef = 4F24427F206B0AB0008E1600 /* AddressService.swift */; };
		4F244282206BD0DD008E1600 /* Balance.swift in Sources */ = {isa = PBXBuildFile; fileRef = 4F244281206BD0DD008E1600 /* Balance.swift */; };
		4F244284206BD4AD008E1600 /* AddressDetails.swift in Sources */ = {isa = PBXBuildFile; fileRef = 4F244283206BD4AD008E1600 /* AddressDetails.swift */; };
		4F244286206BE66B008E1600 /* TransactionRequest.swift in Sources */ = {isa = PBXBuildFile; fileRef = 4F244285206BE66B008E1600 /* TransactionRequest.swift */; };
		4F244288206BE89F008E1600 /* Input.swift in Sources */ = {isa = PBXBuildFile; fileRef = 4F244287206BE89F008E1600 /* Input.swift */; };
		4F24428A206BE8A6008E1600 /* Output.swift in Sources */ = {isa = PBXBuildFile; fileRef = 4F244289206BE8A6008E1600 /* Output.swift */; };
		4F24428C206BF30F008E1600 /* AccountTransaction.swift in Sources */ = {isa = PBXBuildFile; fileRef = 4F24428B206BF30F008E1600 /* AccountTransaction.swift */; };
		4F2CAB9620698F520016B62F /* ResultParsing.swift in Sources */ = {isa = PBXBuildFile; fileRef = 4F2CAB8F20698F510016B62F /* ResultParsing.swift */; };
		4F2CAB9720698F520016B62F /* MultipartRequest.swift in Sources */ = {isa = PBXBuildFile; fileRef = 4F2CAB9020698F510016B62F /* MultipartRequest.swift */; };
		4F2CAB9820698F520016B62F /* Requester.swift in Sources */ = {isa = PBXBuildFile; fileRef = 4F2CAB9120698F510016B62F /* Requester.swift */; };
		4F2CAB9920698F520016B62F /* Result.swift in Sources */ = {isa = PBXBuildFile; fileRef = 4F2CAB9220698F510016B62F /* Result.swift */; };
		4F2CAB9A20698F520016B62F /* Client.swift in Sources */ = {isa = PBXBuildFile; fileRef = 4F2CAB9320698F510016B62F /* Client.swift */; };
		4F2CAB9B20698F520016B62F /* AuthenticatedQueue.swift in Sources */ = {isa = PBXBuildFile; fileRef = 4F2CAB9420698F510016B62F /* AuthenticatedQueue.swift */; };
		4F2CAB9C20698F520016B62F /* Request.swift in Sources */ = {isa = PBXBuildFile; fileRef = 4F2CAB9520698F510016B62F /* Request.swift */; };
		4F2CABA120698F9E0016B62F /* ExplorerRequest.swift in Sources */ = {isa = PBXBuildFile; fileRef = 4F2CABA020698F9E0016B62F /* ExplorerRequest.swift */; };
		4F2CABA9206991EB0016B62F /* BigInt.framework in Embed Frameworks */ = {isa = PBXBuildFile; fileRef = 4F2CABA5206991E50016B62F /* BigInt.framework */; settings = {ATTRIBUTES = (CodeSignOnCopy, RemoveHeadersOnCopy, ); }; };
		4F2CABAA206991EB0016B62F /* SipHash.framework in Embed Frameworks */ = {isa = PBXBuildFile; fileRef = 4F2CABA6206991E50016B62F /* SipHash.framework */; settings = {ATTRIBUTES = (CodeSignOnCopy, RemoveHeadersOnCopy, ); }; };
		4F2CABAE20699A0F0016B62F /* ReceiveViewController.swift in Sources */ = {isa = PBXBuildFile; fileRef = 4F2CABAD20699A0F0016B62F /* ReceiveViewController.swift */; };
		4F2CABB4206A9AEC0016B62F /* RestoreWalletViewController.swift in Sources */ = {isa = PBXBuildFile; fileRef = 4F2CABB3206A9AEC0016B62F /* RestoreWalletViewController.swift */; };
		4F2CABB6206AA5BC0016B62F /* AccountManager.swift in Sources */ = {isa = PBXBuildFile; fileRef = 4F2CABB5206AA5BC0016B62F /* AccountManager.swift */; };
		4F2CABB9206AA76E0016B62F /* Account.swift in Sources */ = {isa = PBXBuildFile; fileRef = 4F2CABB8206AA76E0016B62F /* Account.swift */; };
		4F328720208FF70600CCCDC4 /* Blockchain.swift in Sources */ = {isa = PBXBuildFile; fileRef = 4F32871F208FF70600CCCDC4 /* Blockchain.swift */; };
		4F384589209237920078EDF6 /* FSCBlock.swift in Sources */ = {isa = PBXBuildFile; fileRef = 4F384588209237920078EDF6 /* FSCBlock.swift */; };
		4F493528206E755C0046A31C /* InputFieldView.swift in Sources */ = {isa = PBXBuildFile; fileRef = 4F493527206E755C0046A31C /* InputFieldView.swift */; };
		4F49352C206E94270046A31C /* QRCode.framework in Frameworks */ = {isa = PBXBuildFile; fileRef = 4F49352B206E94270046A31C /* QRCode.framework */; };
		4F49352E206E94350046A31C /* QRCodeReader.framework in Frameworks */ = {isa = PBXBuildFile; fileRef = 4F49352D206E94350046A31C /* QRCodeReader.framework */; };
		4F528997206AB8150027BA59 /* Address.swift in Sources */ = {isa = PBXBuildFile; fileRef = 4F528996206AB8150027BA59 /* Address.swift */; };
		4F52899C206ABF360027BA59 /* Service.swift in Sources */ = {isa = PBXBuildFile; fileRef = 4F52899B206ABF360027BA59 /* Service.swift */; };
		4F660A5A2093BA8900ED67D9 /* FSCAddress.swift in Sources */ = {isa = PBXBuildFile; fileRef = 4F660A592093BA8900ED67D9 /* FSCAddress.swift */; };
		4F6AFB9A208FE07A00031CA2 /* NetworkMananger.swift in Sources */ = {isa = PBXBuildFile; fileRef = 4F6AFB99208FE07A00031CA2 /* NetworkMananger.swift */; };
		4F762B6D206AF19200B8CC55 /* Transaction.swift in Sources */ = {isa = PBXBuildFile; fileRef = 4F762B6C206AF19200B8CC55 /* Transaction.swift */; };
		4F762B6F206AFA8400B8CC55 /* AddressRequest.swift in Sources */ = {isa = PBXBuildFile; fileRef = 4F762B6E206AFA8400B8CC55 /* AddressRequest.swift */; };
		4F77C46420AA1C1A00EA4A8C /* CoinKit.framework in Embed Frameworks */ = {isa = PBXBuildFile; fileRef = 4F77C46120AA1C1500EA4A8C /* CoinKit.framework */; settings = {ATTRIBUTES = (CodeSignOnCopy, RemoveHeadersOnCopy, ); }; };
		4F77C46520AA1C4800EA4A8C /* CoinKit.framework in Frameworks */ = {isa = PBXBuildFile; fileRef = 4F77C46120AA1C1500EA4A8C /* CoinKit.framework */; };
		4F77C46920AA4A2A00EA4A8C /* TransactionViewController.swift in Sources */ = {isa = PBXBuildFile; fileRef = 4F77C46820AA4A2A00EA4A8C /* TransactionViewController.swift */; };
		4F84E5C2206E9483001CD456 /* QRCodeReader.framework in Embed Frameworks */ = {isa = PBXBuildFile; fileRef = 4F49352D206E94350046A31C /* QRCodeReader.framework */; settings = {ATTRIBUTES = (CodeSignOnCopy, RemoveHeadersOnCopy, ); }; };
		4F84E5C4206E9642001CD456 /* Bip21Reading.swift in Sources */ = {isa = PBXBuildFile; fileRef = 4F84E5C3206E9642001CD456 /* Bip21Reading.swift */; };
		4F84E5C6206E9983001CD456 /* UITextField+Currency.swift in Sources */ = {isa = PBXBuildFile; fileRef = 4F84E5C5206E9983001CD456 /* UITextField+Currency.swift */; };
		4F9970FF209FB3FF001E8191 /* ChainElement.swift in Sources */ = {isa = PBXBuildFile; fileRef = 4F9970FE209FB3FF001E8191 /* ChainElement.swift */; };
		4FAFE1882066BC8300F0B4BB /* Montserrat-Regular.ttf in Resources */ = {isa = PBXBuildFile; fileRef = 4FAFE1862066BC8300F0B4BB /* Montserrat-Regular.ttf */; };
		4FAFE1892066BC8300F0B4BB /* Montserrat-Bold.ttf in Resources */ = {isa = PBXBuildFile; fileRef = 4FAFE1872066BC8300F0B4BB /* Montserrat-Bold.ttf */; };
		4FAFE18B2066BCE500F0B4BB /* UIFont+Style.swift in Sources */ = {isa = PBXBuildFile; fileRef = 4FAFE18A2066BCE500F0B4BB /* UIFont+Style.swift */; };
		4FAFE18D2066BFC300F0B4BB /* UIColor+Style.swift in Sources */ = {isa = PBXBuildFile; fileRef = 4FAFE18C2066BFC300F0B4BB /* UIColor+Style.swift */; };
		4FAFE1902066C74600F0B4BB /* NewWalletViewController.swift in Sources */ = {isa = PBXBuildFile; fileRef = 4FAFE18F2066C74600F0B4BB /* NewWalletViewController.swift */; };
		4FB49A9B2098EAB5000E04B6 /* WalletTransaction.swift in Sources */ = {isa = PBXBuildFile; fileRef = 4FB49A9A2098EAB5000E04B6 /* WalletTransaction.swift */; };
		4FB49A9D2099088E000E04B6 /* TransactionManager.swift in Sources */ = {isa = PBXBuildFile; fileRef = 4FB49A9C2099088E000E04B6 /* TransactionManager.swift */; };
		4FB49A9F2099134C000E04B6 /* TransactionTableViewCell.swift in Sources */ = {isa = PBXBuildFile; fileRef = 4FB49A9E2099134C000E04B6 /* TransactionTableViewCell.swift */; };
		4FB49AA220991735000E04B6 /* ReusableCell.swift in Sources */ = {isa = PBXBuildFile; fileRef = 4FB49AA120991735000E04B6 /* ReusableCell.swift */; };
		4FB49AA5209924C1000E04B6 /* SwiftMoment.framework in Frameworks */ = {isa = PBXBuildFile; fileRef = 4FB49AA3209924A1000E04B6 /* SwiftMoment.framework */; };
		4FB49AA6209924C1000E04B6 /* SwiftMoment.framework in Embed Frameworks */ = {isa = PBXBuildFile; fileRef = 4FB49AA3209924A1000E04B6 /* SwiftMoment.framework */; settings = {ATTRIBUTES = (CodeSignOnCopy, RemoveHeadersOnCopy, ); }; };
		4FCBF712206E710000663EC3 /* SendAddressViewController.swift in Sources */ = {isa = PBXBuildFile; fileRef = 4FCBF711206E710000663EC3 /* SendAddressViewController.swift */; };
		4FCBF714206E730C00663EC3 /* SendViewController.swift in Sources */ = {isa = PBXBuildFile; fileRef = 4FCBF713206E730C00663EC3 /* SendViewController.swift */; };
		4FCD8F50209267BC00B97A37 /* FSCTransaction.swift in Sources */ = {isa = PBXBuildFile; fileRef = 4FCD8F4F209267BC00B97A37 /* FSCTransaction.swift */; };
		4FCD8F522092681200B97A37 /* FSCTransactionInput.swift in Sources */ = {isa = PBXBuildFile; fileRef = 4FCD8F512092681200B97A37 /* FSCTransactionInput.swift */; };
		4FD836EA206C47FE00C016C7 /* SendAmountViewController.swift in Sources */ = {isa = PBXBuildFile; fileRef = 4FD836E9206C47FE00C016C7 /* SendAmountViewController.swift */; };
		4FE1696A206D49490090185D /* AddressTransaction.swift in Sources */ = {isa = PBXBuildFile; fileRef = 4FE16969206D49490090185D /* AddressTransaction.swift */; };
		4FE1696D206D5D010090185D /* NumberPadView.swift in Sources */ = {isa = PBXBuildFile; fileRef = 4FE1696C206D5D010090185D /* NumberPadView.swift */; };
		4FED4AB420A9FC1F0094B2CD /* LocalNotificationsManager.swift in Sources */ = {isa = PBXBuildFile; fileRef = 4FED4AB320A9FC1F0094B2CD /* LocalNotificationsManager.swift */; };
		4FED4AB620A9FE380094B2CD /* WalletDebit+Array.swift in Sources */ = {isa = PBXBuildFile; fileRef = 4FED4AB520A9FE380094B2CD /* WalletDebit+Array.swift */; };
		4FED4AB920AA0FAA0094B2CD /* ToastSwiftFramework.framework in Frameworks */ = {isa = PBXBuildFile; fileRef = 4FED4AB720AA0FA10094B2CD /* ToastSwiftFramework.framework */; };
		4FED4ABA20AA0FAA0094B2CD /* ToastSwiftFramework.framework in Embed Frameworks */ = {isa = PBXBuildFile; fileRef = 4FED4AB720AA0FA10094B2CD /* ToastSwiftFramework.framework */; settings = {ATTRIBUTES = (CodeSignOnCopy, RemoveHeadersOnCopy, ); }; };
		4FF4D43F209389ED00278A06 /* Wallet.swift in Sources */ = {isa = PBXBuildFile; fileRef = 4FF4D43E209389ED00278A06 /* Wallet.swift */; };
		4FF4D44120938A6D00278A06 /* FileChain.swift in Sources */ = {isa = PBXBuildFile; fileRef = 4FF4D44020938A6D00278A06 /* FileChain.swift */; };
		4FF4D44420938E3A00278A06 /* blk0001.dat in Resources */ = {isa = PBXBuildFile; fileRef = 4FF4D44320938E3900278A06 /* blk0001.dat */; };
		4FF59A992093E1A4001A89AF /* WalletStore.swift in Sources */ = {isa = PBXBuildFile; fileRef = 4FF59A982093E1A4001A89AF /* WalletStore.swift */; };
		4FF59A9F2093F68C001A89AF /* WalletCredit.swift in Sources */ = {isa = PBXBuildFile; fileRef = 4FF59A9E2093F68C001A89AF /* WalletCredit.swift */; };
		4FF59AA12093F694001A89AF /* WalletDebit.swift in Sources */ = {isa = PBXBuildFile; fileRef = 4FF59AA02093F694001A89AF /* WalletDebit.swift */; };
		4FF7C8FF20B0EBAC0080750E /* SettingsTableViewController.swift in Sources */ = {isa = PBXBuildFile; fileRef = 4FF7C8FE20B0EBAC0080750E /* SettingsTableViewController.swift */; };
		4FF7C90120B0EC160080750E /* Setting.swift in Sources */ = {isa = PBXBuildFile; fileRef = 4FF7C90020B0EC160080750E /* Setting.swift */; };
		4FF7C90320B0EC410080750E /* SettingSectionViewModel.swift in Sources */ = {isa = PBXBuildFile; fileRef = 4FF7C90220B0EC410080750E /* SettingSectionViewModel.swift */; };
		4FF7C90620B0F1250080750E /* SettingCell.swift in Sources */ = {isa = PBXBuildFile; fileRef = 4FF7C90520B0F1250080750E /* SettingCell.swift */; };
		4FF7C90820B0F1F80080750E /* SettingDisplayTableViewCell.swift in Sources */ = {isa = PBXBuildFile; fileRef = 4FF7C90720B0F1F80080750E /* SettingDisplayTableViewCell.swift */; };
/* End PBXBuildFile section */

/* Begin PBXContainerItemProxy section */
		4F0F1CEC20654FDA00B04E28 /* PBXContainerItemProxy */ = {
			isa = PBXContainerItemProxy;
			containerPortal = 4F0F1CCF20654FDA00B04E28 /* Project object */;
			proxyType = 1;
			remoteGlobalIDString = 4F0F1CD620654FDA00B04E28;
			remoteInfo = FriendshipCoin;
		};
		4F0F1CF720654FDA00B04E28 /* PBXContainerItemProxy */ = {
			isa = PBXContainerItemProxy;
			containerPortal = 4F0F1CCF20654FDA00B04E28 /* Project object */;
			proxyType = 1;
			remoteGlobalIDString = 4F0F1CD620654FDA00B04E28;
			remoteInfo = FriendshipCoin;
		};
/* End PBXContainerItemProxy section */

/* Begin PBXCopyFilesBuildPhase section */
		4F0F1D8C2065C0F200B04E28 /* Embed Frameworks */ = {
			isa = PBXCopyFilesBuildPhase;
			buildActionMask = 2147483647;
			dstPath = "";
			dstSubfolderSpec = 10;
			files = (
				4F0F1D812065C0F100B04E28 /* KeychainAccess.framework in Embed Frameworks */,
				4F0F1D932065C79000B04E28 /* TinyConstraints.framework in Embed Frameworks */,
				4FB49AA6209924C1000E04B6 /* SwiftMoment.framework in Embed Frameworks */,
				4F0F1D872065C0F100B04E28 /* Crypto.framework in Embed Frameworks */,
				4F84E5C2206E9483001CD456 /* QRCodeReader.framework in Embed Frameworks */,
				4F0F1D8B2065C0F100B04E28 /* SwiftyJSON.framework in Embed Frameworks */,
				4F0F1D892065C0F100B04E28 /* Stevia.framework in Embed Frameworks */,
				4FED4ABA20AA0FAA0094B2CD /* ToastSwiftFramework.framework in Embed Frameworks */,
				4F2CABA9206991EB0016B62F /* BigInt.framework in Embed Frameworks */,
				4F2CABAA206991EB0016B62F /* SipHash.framework in Embed Frameworks */,
				4F77C46420AA1C1A00EA4A8C /* CoinKit.framework in Embed Frameworks */,
				4F0F1D852065C0F100B04E28 /* CommonCrypto.framework in Embed Frameworks */,
			);
			name = "Embed Frameworks";
			runOnlyForDeploymentPostprocessing = 0;
		};
/* End PBXCopyFilesBuildPhase section */

/* Begin PBXFileReference section */
		4F0F1CD720654FDA00B04E28 /* FriendshipCoin.app */ = {isa = PBXFileReference; explicitFileType = wrapper.application; includeInIndex = 0; path = FriendshipCoin.app; sourceTree = BUILT_PRODUCTS_DIR; };
		4F0F1CDA20654FDA00B04E28 /* AppDelegate.swift */ = {isa = PBXFileReference; lastKnownFileType = sourcecode.swift; path = AppDelegate.swift; sourceTree = "<group>"; };
		4F0F1CE420654FDA00B04E28 /* Base */ = {isa = PBXFileReference; lastKnownFileType = file.storyboard; name = Base; path = Base.lproj/LaunchScreen.storyboard; sourceTree = "<group>"; };
		4F0F1CE620654FDA00B04E28 /* Info.plist */ = {isa = PBXFileReference; lastKnownFileType = text.plist.xml; path = Info.plist; sourceTree = "<group>"; };
		4F0F1CEB20654FDA00B04E28 /* FriendshipCoinTests.xctest */ = {isa = PBXFileReference; explicitFileType = wrapper.cfbundle; includeInIndex = 0; path = FriendshipCoinTests.xctest; sourceTree = BUILT_PRODUCTS_DIR; };
		4F0F1CEF20654FDA00B04E28 /* FriendshipCoinTests.swift */ = {isa = PBXFileReference; lastKnownFileType = sourcecode.swift; path = FriendshipCoinTests.swift; sourceTree = "<group>"; };
		4F0F1CF120654FDA00B04E28 /* Info.plist */ = {isa = PBXFileReference; lastKnownFileType = text.plist.xml; path = Info.plist; sourceTree = "<group>"; };
		4F0F1CF620654FDA00B04E28 /* FriendshipCoinUITests.xctest */ = {isa = PBXFileReference; explicitFileType = wrapper.cfbundle; includeInIndex = 0; path = FriendshipCoinUITests.xctest; sourceTree = BUILT_PRODUCTS_DIR; };
		4F0F1CFA20654FDA00B04E28 /* FriendshipCoinUITests.swift */ = {isa = PBXFileReference; lastKnownFileType = sourcecode.swift; path = FriendshipCoinUITests.swift; sourceTree = "<group>"; };
		4F0F1CFC20654FDA00B04E28 /* Info.plist */ = {isa = PBXFileReference; lastKnownFileType = text.plist.xml; path = Info.plist; sourceTree = "<group>"; };
		4F0F1D642065B15300B04E28 /* TabBarController.swift */ = {isa = PBXFileReference; lastKnownFileType = sourcecode.swift; path = TabBarController.swift; sourceTree = "<group>"; };
		4F0F1D692065B2DD00B04E28 /* AddressManager.swift */ = {isa = PBXFileReference; lastKnownFileType = sourcecode.swift; path = AddressManager.swift; sourceTree = "<group>"; };
		4F0F1D6B2065B2E600B04E28 /* KeyManager.swift */ = {isa = PBXFileReference; lastKnownFileType = sourcecode.swift; path = KeyManager.swift; sourceTree = "<group>"; };
		4F0F1D6E2065B37500B04E28 /* CommonCrypto.framework */ = {isa = PBXFileReference; lastKnownFileType = wrapper.framework; name = CommonCrypto.framework; path = Carthage/Build/iOS/CommonCrypto.framework; sourceTree = "<group>"; };
		4F0F1D6F2065B37500B04E28 /* Stevia.framework */ = {isa = PBXFileReference; lastKnownFileType = wrapper.framework; name = Stevia.framework; path = Carthage/Build/iOS/Stevia.framework; sourceTree = "<group>"; };
		4F0F1D702065B37500B04E28 /* Crypto.framework */ = {isa = PBXFileReference; lastKnownFileType = wrapper.framework; name = Crypto.framework; path = Carthage/Build/iOS/Crypto.framework; sourceTree = "<group>"; };
		4F0F1D732065B37500B04E28 /* SwiftyJSON.framework */ = {isa = PBXFileReference; lastKnownFileType = wrapper.framework; name = SwiftyJSON.framework; path = Carthage/Build/iOS/SwiftyJSON.framework; sourceTree = "<group>"; };
		4F0F1D7A2065B4DC00B04E28 /* KeychainAccess.framework */ = {isa = PBXFileReference; lastKnownFileType = wrapper.framework; name = KeychainAccess.framework; path = Carthage/Build/iOS/KeychainAccess.framework; sourceTree = "<group>"; };
		4F0F1D7C2065BF3F00B04E28 /* OnboardingNavigationViewController.swift */ = {isa = PBXFileReference; lastKnownFileType = sourcecode.swift; path = OnboardingNavigationViewController.swift; sourceTree = "<group>"; };
		4F0F1D7E2065BF7900B04E28 /* OnboardingViewController.swift */ = {isa = PBXFileReference; lastKnownFileType = sourcecode.swift; path = OnboardingViewController.swift; sourceTree = "<group>"; };
		4F0F1D8E2065C18300B04E28 /* HomeViewController.swift */ = {isa = PBXFileReference; lastKnownFileType = sourcecode.swift; path = HomeViewController.swift; sourceTree = "<group>"; };
		4F0F1D902065C78400B04E28 /* TinyConstraints.framework */ = {isa = PBXFileReference; lastKnownFileType = wrapper.framework; name = TinyConstraints.framework; path = Carthage/Build/iOS/TinyConstraints.framework; sourceTree = "<group>"; };
		4F0F8D692097593500831010 /* SyncTask.swift */ = {isa = PBXFileReference; lastKnownFileType = sourcecode.swift; path = SyncTask.swift; sourceTree = "<group>"; };
		4F1D9D0F2066E01C0065E3EF /* UIButton+Style.swift */ = {isa = PBXFileReference; lastKnownFileType = sourcecode.swift; path = "UIButton+Style.swift"; sourceTree = "<group>"; };
		4F1D9D122066E37D0065E3EF /* BalanceViewController.swift */ = {isa = PBXFileReference; lastKnownFileType = sourcecode.swift; path = BalanceViewController.swift; sourceTree = "<group>"; };
		4F1D9D14206805BE0065E3EF /* Assets.xcassets */ = {isa = PBXFileReference; lastKnownFileType = folder.assetcatalog; path = Assets.xcassets; sourceTree = "<group>"; };
		4F1D9D19206806790065E3EF /* TransactionsTableViewController.swift */ = {isa = PBXFileReference; lastKnownFileType = sourcecode.swift; path = TransactionsTableViewController.swift; sourceTree = "<group>"; };
		4F1D9D1B206806B70065E3EF /* AccountsViewController.swift */ = {isa = PBXFileReference; lastKnownFileType = sourcecode.swift; path = AccountsViewController.swift; sourceTree = "<group>"; };
		4F1D9D1D206806CE0065E3EF /* SettingsViewController.swift */ = {isa = PBXFileReference; lastKnownFileType = sourcecode.swift; path = SettingsViewController.swift; sourceTree = "<group>"; };
		4F24427F206B0AB0008E1600 /* AddressService.swift */ = {isa = PBXFileReference; lastKnownFileType = sourcecode.swift; path = AddressService.swift; sourceTree = "<group>"; };
		4F244281206BD0DD008E1600 /* Balance.swift */ = {isa = PBXFileReference; lastKnownFileType = sourcecode.swift; path = Balance.swift; sourceTree = "<group>"; };
		4F244283206BD4AD008E1600 /* AddressDetails.swift */ = {isa = PBXFileReference; lastKnownFileType = sourcecode.swift; path = AddressDetails.swift; sourceTree = "<group>"; };
		4F244285206BE66B008E1600 /* TransactionRequest.swift */ = {isa = PBXFileReference; lastKnownFileType = sourcecode.swift; path = TransactionRequest.swift; sourceTree = "<group>"; };
		4F244287206BE89F008E1600 /* Input.swift */ = {isa = PBXFileReference; lastKnownFileType = sourcecode.swift; path = Input.swift; sourceTree = "<group>"; };
		4F244289206BE8A6008E1600 /* Output.swift */ = {isa = PBXFileReference; lastKnownFileType = sourcecode.swift; path = Output.swift; sourceTree = "<group>"; };
		4F24428B206BF30F008E1600 /* AccountTransaction.swift */ = {isa = PBXFileReference; lastKnownFileType = sourcecode.swift; path = AccountTransaction.swift; sourceTree = "<group>"; };
		4F2CAB8F20698F510016B62F /* ResultParsing.swift */ = {isa = PBXFileReference; fileEncoding = 4; lastKnownFileType = sourcecode.swift; path = ResultParsing.swift; sourceTree = "<group>"; };
		4F2CAB9020698F510016B62F /* MultipartRequest.swift */ = {isa = PBXFileReference; fileEncoding = 4; lastKnownFileType = sourcecode.swift; path = MultipartRequest.swift; sourceTree = "<group>"; };
		4F2CAB9120698F510016B62F /* Requester.swift */ = {isa = PBXFileReference; fileEncoding = 4; lastKnownFileType = sourcecode.swift; path = Requester.swift; sourceTree = "<group>"; };
		4F2CAB9220698F510016B62F /* Result.swift */ = {isa = PBXFileReference; fileEncoding = 4; lastKnownFileType = sourcecode.swift; path = Result.swift; sourceTree = "<group>"; };
		4F2CAB9320698F510016B62F /* Client.swift */ = {isa = PBXFileReference; fileEncoding = 4; lastKnownFileType = sourcecode.swift; path = Client.swift; sourceTree = "<group>"; };
		4F2CAB9420698F510016B62F /* AuthenticatedQueue.swift */ = {isa = PBXFileReference; fileEncoding = 4; lastKnownFileType = sourcecode.swift; path = AuthenticatedQueue.swift; sourceTree = "<group>"; };
		4F2CAB9520698F510016B62F /* Request.swift */ = {isa = PBXFileReference; fileEncoding = 4; lastKnownFileType = sourcecode.swift; path = Request.swift; sourceTree = "<group>"; };
		4F2CABA020698F9E0016B62F /* ExplorerRequest.swift */ = {isa = PBXFileReference; lastKnownFileType = sourcecode.swift; path = ExplorerRequest.swift; sourceTree = "<group>"; };
		4F2CABA5206991E50016B62F /* BigInt.framework */ = {isa = PBXFileReference; lastKnownFileType = wrapper.framework; name = BigInt.framework; path = Carthage/Build/iOS/BigInt.framework; sourceTree = "<group>"; };
		4F2CABA6206991E50016B62F /* SipHash.framework */ = {isa = PBXFileReference; lastKnownFileType = wrapper.framework; name = SipHash.framework; path = Carthage/Build/iOS/SipHash.framework; sourceTree = "<group>"; };
		4F2CABAD20699A0F0016B62F /* ReceiveViewController.swift */ = {isa = PBXFileReference; lastKnownFileType = sourcecode.swift; path = ReceiveViewController.swift; sourceTree = "<group>"; };
		4F2CABB3206A9AEC0016B62F /* RestoreWalletViewController.swift */ = {isa = PBXFileReference; lastKnownFileType = sourcecode.swift; path = RestoreWalletViewController.swift; sourceTree = "<group>"; };
		4F2CABB5206AA5BC0016B62F /* AccountManager.swift */ = {isa = PBXFileReference; lastKnownFileType = sourcecode.swift; path = AccountManager.swift; sourceTree = "<group>"; };
		4F2CABB8206AA76E0016B62F /* Account.swift */ = {isa = PBXFileReference; lastKnownFileType = sourcecode.swift; path = Account.swift; sourceTree = "<group>"; };
		4F32871F208FF70600CCCDC4 /* Blockchain.swift */ = {isa = PBXFileReference; lastKnownFileType = sourcecode.swift; path = Blockchain.swift; sourceTree = "<group>"; };
		4F384588209237920078EDF6 /* FSCBlock.swift */ = {isa = PBXFileReference; lastKnownFileType = sourcecode.swift; path = FSCBlock.swift; sourceTree = "<group>"; };
		4F493527206E755C0046A31C /* InputFieldView.swift */ = {isa = PBXFileReference; lastKnownFileType = sourcecode.swift; path = InputFieldView.swift; sourceTree = "<group>"; };
		4F49352B206E94270046A31C /* QRCode.framework */ = {isa = PBXFileReference; lastKnownFileType = wrapper.framework; name = QRCode.framework; path = Carthage/Build/iOS/QRCode.framework; sourceTree = "<group>"; };
		4F49352D206E94350046A31C /* QRCodeReader.framework */ = {isa = PBXFileReference; lastKnownFileType = wrapper.framework; name = QRCodeReader.framework; path = Carthage/Build/iOS/QRCodeReader.framework; sourceTree = "<group>"; };
		4F528996206AB8150027BA59 /* Address.swift */ = {isa = PBXFileReference; lastKnownFileType = sourcecode.swift; path = Address.swift; sourceTree = "<group>"; };
		4F52899B206ABF360027BA59 /* Service.swift */ = {isa = PBXFileReference; lastKnownFileType = sourcecode.swift; path = Service.swift; sourceTree = "<group>"; };
		4F660A592093BA8900ED67D9 /* FSCAddress.swift */ = {isa = PBXFileReference; lastKnownFileType = sourcecode.swift; path = FSCAddress.swift; sourceTree = "<group>"; };
		4F6AFB99208FE07A00031CA2 /* NetworkMananger.swift */ = {isa = PBXFileReference; lastKnownFileType = sourcecode.swift; path = NetworkMananger.swift; sourceTree = "<group>"; };
		4F762B6C206AF19200B8CC55 /* Transaction.swift */ = {isa = PBXFileReference; lastKnownFileType = sourcecode.swift; path = Transaction.swift; sourceTree = "<group>"; };
		4F762B6E206AFA8400B8CC55 /* AddressRequest.swift */ = {isa = PBXFileReference; lastKnownFileType = sourcecode.swift; path = AddressRequest.swift; sourceTree = "<group>"; };
		4F77C46120AA1C1500EA4A8C /* CoinKit.framework */ = {isa = PBXFileReference; explicitFileType = wrapper.framework; path = CoinKit.framework; sourceTree = BUILT_PRODUCTS_DIR; };
		4F77C46820AA4A2A00EA4A8C /* TransactionViewController.swift */ = {isa = PBXFileReference; lastKnownFileType = sourcecode.swift; path = TransactionViewController.swift; sourceTree = "<group>"; };
		4F84E5C3206E9642001CD456 /* Bip21Reading.swift */ = {isa = PBXFileReference; lastKnownFileType = sourcecode.swift; path = Bip21Reading.swift; sourceTree = "<group>"; };
		4F84E5C5206E9983001CD456 /* UITextField+Currency.swift */ = {isa = PBXFileReference; lastKnownFileType = sourcecode.swift; path = "UITextField+Currency.swift"; sourceTree = "<group>"; };
		4F9970FE209FB3FF001E8191 /* ChainElement.swift */ = {isa = PBXFileReference; lastKnownFileType = sourcecode.swift; path = ChainElement.swift; sourceTree = "<group>"; };
		4FA4F24F208E71530043A20F /* CoinKit.framework */ = {isa = PBXFileReference; explicitFileType = wrapper.framework; name = CoinKit.framework; path = "/Users/elliott/Projects/FriendshipCoin/build/Debug-iphoneos/CoinKit.framework"; sourceTree = "<absolute>"; };
		4FAFE1862066BC8300F0B4BB /* Montserrat-Regular.ttf */ = {isa = PBXFileReference; lastKnownFileType = file; path = "Montserrat-Regular.ttf"; sourceTree = "<group>"; };
		4FAFE1872066BC8300F0B4BB /* Montserrat-Bold.ttf */ = {isa = PBXFileReference; lastKnownFileType = file; path = "Montserrat-Bold.ttf"; sourceTree = "<group>"; };
		4FAFE18A2066BCE500F0B4BB /* UIFont+Style.swift */ = {isa = PBXFileReference; lastKnownFileType = sourcecode.swift; path = "UIFont+Style.swift"; sourceTree = "<group>"; };
		4FAFE18C2066BFC300F0B4BB /* UIColor+Style.swift */ = {isa = PBXFileReference; lastKnownFileType = sourcecode.swift; path = "UIColor+Style.swift"; sourceTree = "<group>"; };
		4FAFE18F2066C74600F0B4BB /* NewWalletViewController.swift */ = {isa = PBXFileReference; lastKnownFileType = sourcecode.swift; path = NewWalletViewController.swift; sourceTree = "<group>"; };
		4FB49A9A2098EAB5000E04B6 /* WalletTransaction.swift */ = {isa = PBXFileReference; lastKnownFileType = sourcecode.swift; path = WalletTransaction.swift; sourceTree = "<group>"; };
		4FB49A9C2099088E000E04B6 /* TransactionManager.swift */ = {isa = PBXFileReference; lastKnownFileType = sourcecode.swift; path = TransactionManager.swift; sourceTree = "<group>"; };
		4FB49A9E2099134C000E04B6 /* TransactionTableViewCell.swift */ = {isa = PBXFileReference; lastKnownFileType = sourcecode.swift; path = TransactionTableViewCell.swift; sourceTree = "<group>"; };
		4FB49AA120991735000E04B6 /* ReusableCell.swift */ = {isa = PBXFileReference; lastKnownFileType = sourcecode.swift; path = ReusableCell.swift; sourceTree = "<group>"; };
		4FB49AA3209924A1000E04B6 /* SwiftMoment.framework */ = {isa = PBXFileReference; lastKnownFileType = wrapper.framework; name = SwiftMoment.framework; path = Carthage/Build/iOS/SwiftMoment.framework; sourceTree = "<group>"; };
		4FCBF711206E710000663EC3 /* SendAddressViewController.swift */ = {isa = PBXFileReference; lastKnownFileType = sourcecode.swift; path = SendAddressViewController.swift; sourceTree = "<group>"; };
		4FCBF713206E730C00663EC3 /* SendViewController.swift */ = {isa = PBXFileReference; lastKnownFileType = sourcecode.swift; path = SendViewController.swift; sourceTree = "<group>"; };
		4FCD8F4F209267BC00B97A37 /* FSCTransaction.swift */ = {isa = PBXFileReference; lastKnownFileType = sourcecode.swift; path = FSCTransaction.swift; sourceTree = "<group>"; };
		4FCD8F512092681200B97A37 /* FSCTransactionInput.swift */ = {isa = PBXFileReference; lastKnownFileType = sourcecode.swift; path = FSCTransactionInput.swift; sourceTree = "<group>"; };
		4FD836E9206C47FE00C016C7 /* SendAmountViewController.swift */ = {isa = PBXFileReference; lastKnownFileType = sourcecode.swift; path = SendAmountViewController.swift; sourceTree = "<group>"; };
		4FE16969206D49490090185D /* AddressTransaction.swift */ = {isa = PBXFileReference; lastKnownFileType = sourcecode.swift; path = AddressTransaction.swift; sourceTree = "<group>"; };
		4FE1696C206D5D010090185D /* NumberPadView.swift */ = {isa = PBXFileReference; lastKnownFileType = sourcecode.swift; path = NumberPadView.swift; sourceTree = "<group>"; };
		4FED4AB320A9FC1F0094B2CD /* LocalNotificationsManager.swift */ = {isa = PBXFileReference; lastKnownFileType = sourcecode.swift; path = LocalNotificationsManager.swift; sourceTree = "<group>"; };
		4FED4AB520A9FE380094B2CD /* WalletDebit+Array.swift */ = {isa = PBXFileReference; lastKnownFileType = sourcecode.swift; path = "WalletDebit+Array.swift"; sourceTree = "<group>"; };
		4FED4AB720AA0FA10094B2CD /* ToastSwiftFramework.framework */ = {isa = PBXFileReference; lastKnownFileType = wrapper.framework; name = ToastSwiftFramework.framework; path = Carthage/Build/iOS/ToastSwiftFramework.framework; sourceTree = "<group>"; };
		4FF4D43E209389ED00278A06 /* Wallet.swift */ = {isa = PBXFileReference; lastKnownFileType = sourcecode.swift; path = Wallet.swift; sourceTree = "<group>"; };
		4FF4D44020938A6D00278A06 /* FileChain.swift */ = {isa = PBXFileReference; lastKnownFileType = sourcecode.swift; path = FileChain.swift; sourceTree = "<group>"; };
		4FF4D44320938E3900278A06 /* blk0001.dat */ = {isa = PBXFileReference; lastKnownFileType = file; path = blk0001.dat; sourceTree = "<group>"; };
		4FF59A982093E1A4001A89AF /* WalletStore.swift */ = {isa = PBXFileReference; lastKnownFileType = sourcecode.swift; path = WalletStore.swift; sourceTree = "<group>"; };
		4FF59A9E2093F68C001A89AF /* WalletCredit.swift */ = {isa = PBXFileReference; lastKnownFileType = sourcecode.swift; path = WalletCredit.swift; sourceTree = "<group>"; };
		4FF59AA02093F694001A89AF /* WalletDebit.swift */ = {isa = PBXFileReference; lastKnownFileType = sourcecode.swift; path = WalletDebit.swift; sourceTree = "<group>"; };
		4FF7C8FE20B0EBAC0080750E /* SettingsTableViewController.swift */ = {isa = PBXFileReference; lastKnownFileType = sourcecode.swift; path = SettingsTableViewController.swift; sourceTree = "<group>"; };
		4FF7C90020B0EC160080750E /* Setting.swift */ = {isa = PBXFileReference; lastKnownFileType = sourcecode.swift; path = Setting.swift; sourceTree = "<group>"; };
		4FF7C90220B0EC410080750E /* SettingSectionViewModel.swift */ = {isa = PBXFileReference; lastKnownFileType = sourcecode.swift; path = SettingSectionViewModel.swift; sourceTree = "<group>"; };
		4FF7C90520B0F1250080750E /* SettingCell.swift */ = {isa = PBXFileReference; lastKnownFileType = sourcecode.swift; path = SettingCell.swift; sourceTree = "<group>"; };
		4FF7C90720B0F1F80080750E /* SettingDisplayTableViewCell.swift */ = {isa = PBXFileReference; lastKnownFileType = sourcecode.swift; path = SettingDisplayTableViewCell.swift; sourceTree = "<group>"; };
/* End PBXFileReference section */

/* Begin PBXFrameworksBuildPhase section */
		4F0F1CD420654FDA00B04E28 /* Frameworks */ = {
			isa = PBXFrameworksBuildPhase;
			buildActionMask = 2147483647;
			files = (
				4F0F1D802065C0F100B04E28 /* KeychainAccess.framework in Frameworks */,
				4F0F1D922065C79000B04E28 /* TinyConstraints.framework in Frameworks */,
				4F49352C206E94270046A31C /* QRCode.framework in Frameworks */,
				4F49352E206E94350046A31C /* QRCodeReader.framework in Frameworks */,
				4FB49AA5209924C1000E04B6 /* SwiftMoment.framework in Frameworks */,
				4F0F1D862065C0F100B04E28 /* Crypto.framework in Frameworks */,
				4F77C46520AA1C4800EA4A8C /* CoinKit.framework in Frameworks */,
				4F0F1D8A2065C0F100B04E28 /* SwiftyJSON.framework in Frameworks */,
				4F0F1D882065C0F100B04E28 /* Stevia.framework in Frameworks */,
				4FED4AB920AA0FAA0094B2CD /* ToastSwiftFramework.framework in Frameworks */,
				4F0F1D842065C0F100B04E28 /* CommonCrypto.framework in Frameworks */,
			);
			runOnlyForDeploymentPostprocessing = 0;
		};
		4F0F1CE820654FDA00B04E28 /* Frameworks */ = {
			isa = PBXFrameworksBuildPhase;
			buildActionMask = 2147483647;
			files = (
			);
			runOnlyForDeploymentPostprocessing = 0;
		};
		4F0F1CF320654FDA00B04E28 /* Frameworks */ = {
			isa = PBXFrameworksBuildPhase;
			buildActionMask = 2147483647;
			files = (
			);
			runOnlyForDeploymentPostprocessing = 0;
		};
/* End PBXFrameworksBuildPhase section */

/* Begin PBXGroup section */
		4F0F1CCE20654FDA00B04E28 = {
			isa = PBXGroup;
			children = (
				4FF4D44220938E3900278A06 /* Data */,
				4F0F1CD920654FDA00B04E28 /* FriendshipCoin */,
				4F0F1CEE20654FDA00B04E28 /* FriendshipCoinTests */,
				4F0F1CF920654FDA00B04E28 /* FriendshipCoinUITests */,
				4F0F1CD820654FDA00B04E28 /* Products */,
				4F0F1D6D2065B34E00B04E28 /* Frameworks */,
				4F8FC8E4209D059D0007FA1F /* Recovered References */,
			);
			sourceTree = "<group>";
		};
		4F0F1CD820654FDA00B04E28 /* Products */ = {
			isa = PBXGroup;
			children = (
				4F0F1CD720654FDA00B04E28 /* FriendshipCoin.app */,
				4F0F1CEB20654FDA00B04E28 /* FriendshipCoinTests.xctest */,
				4F0F1CF620654FDA00B04E28 /* FriendshipCoinUITests.xctest */,
			);
			name = Products;
			sourceTree = "<group>";
		};
		4F0F1CD920654FDA00B04E28 /* FriendshipCoin */ = {
			isa = PBXGroup;
			children = (
				4FB49AA020991728000E04B6 /* Protocols */,
				4FF59A972093E195001A89AF /* WalletStore */,
				4F32871E208FF6F900CCCDC4 /* Blockchain */,
				4F6AFB98208FE06B00031CA2 /* Network */,
				4F0F1D632065B14400B04E28 /* Controllers */,
				4FAFE17F2066BC0D00F0B4BB /* Extensions */,
				4FAFE1852066BC7500F0B4BB /* Fonts */,
				4F0F1D682065B28E00B04E28 /* Managers */,
				4F2CABB7206AA7620016B62F /* Models */,
				4F2CAB8E20698F510016B62F /* Networking */,
				4F2CAB9D20698F640016B62F /* Requests */,
				4F52899A206ABF210027BA59 /* Services */,
				4FE1696B206D5CEB0090185D /* Views */,
				4F0F1CDA20654FDA00B04E28 /* AppDelegate.swift */,
				4F0F1CE320654FDA00B04E28 /* LaunchScreen.storyboard */,
				4F0F1CE620654FDA00B04E28 /* Info.plist */,
				4F1D9D14206805BE0065E3EF /* Assets.xcassets */,
			);
			path = FriendshipCoin;
			sourceTree = "<group>";
		};
		4F0F1CEE20654FDA00B04E28 /* FriendshipCoinTests */ = {
			isa = PBXGroup;
			children = (
				4F0F1CEF20654FDA00B04E28 /* FriendshipCoinTests.swift */,
				4F0F1CF120654FDA00B04E28 /* Info.plist */,
			);
			path = FriendshipCoinTests;
			sourceTree = "<group>";
		};
		4F0F1CF920654FDA00B04E28 /* FriendshipCoinUITests */ = {
			isa = PBXGroup;
			children = (
				4F0F1CFA20654FDA00B04E28 /* FriendshipCoinUITests.swift */,
				4F0F1CFC20654FDA00B04E28 /* Info.plist */,
			);
			path = FriendshipCoinUITests;
			sourceTree = "<group>";
		};
		4F0F1D632065B14400B04E28 /* Controllers */ = {
			isa = PBXGroup;
			children = (
				4FCBF710206E70C700663EC3 /* Send */,
				4F1D9D172068062E0065E3EF /* Accounts */,
				4F1D9D112066E36C0065E3EF /* Balance */,
				4F0F1D8D2065C17400B04E28 /* Home */,
				4F1D9D182068063E0065E3EF /* Settings */,
				4F0F1D662065B1B500B04E28 /* Onboarding */,
				4F1D9D16206806260065E3EF /* Transactions */,
				4F0F1D642065B15300B04E28 /* TabBarController.swift */,
			);
			path = Controllers;
			sourceTree = "<group>";
		};
		4F0F1D662065B1B500B04E28 /* Onboarding */ = {
			isa = PBXGroup;
			children = (
				4F0F1D7C2065BF3F00B04E28 /* OnboardingNavigationViewController.swift */,
				4F0F1D7E2065BF7900B04E28 /* OnboardingViewController.swift */,
				4FAFE18F2066C74600F0B4BB /* NewWalletViewController.swift */,
				4F2CABB3206A9AEC0016B62F /* RestoreWalletViewController.swift */,
			);
			path = Onboarding;
			sourceTree = "<group>";
		};
		4F0F1D682065B28E00B04E28 /* Managers */ = {
			isa = PBXGroup;
			children = (
				4F2CABB5206AA5BC0016B62F /* AccountManager.swift */,
				4F0F1D692065B2DD00B04E28 /* AddressManager.swift */,
				4F0F1D6B2065B2E600B04E28 /* KeyManager.swift */,
				4FB49A9C2099088E000E04B6 /* TransactionManager.swift */,
				4FED4AB320A9FC1F0094B2CD /* LocalNotificationsManager.swift */,
			);
			path = Managers;
			sourceTree = "<group>";
		};
		4F0F1D6D2065B34E00B04E28 /* Frameworks */ = {
			isa = PBXGroup;
			children = (
				4FED4AB720AA0FA10094B2CD /* ToastSwiftFramework.framework */,
				4FB49AA3209924A1000E04B6 /* SwiftMoment.framework */,
				4F77C46120AA1C1500EA4A8C /* CoinKit.framework */,
				4F49352D206E94350046A31C /* QRCodeReader.framework */,
				4F49352B206E94270046A31C /* QRCode.framework */,
				4F2CABA5206991E50016B62F /* BigInt.framework */,
				4F2CABA6206991E50016B62F /* SipHash.framework */,
				4F0F1D902065C78400B04E28 /* TinyConstraints.framework */,
				4F0F1D7A2065B4DC00B04E28 /* KeychainAccess.framework */,
				4F0F1D6E2065B37500B04E28 /* CommonCrypto.framework */,
				4F0F1D702065B37500B04E28 /* Crypto.framework */,
				4F0F1D6F2065B37500B04E28 /* Stevia.framework */,
				4F0F1D732065B37500B04E28 /* SwiftyJSON.framework */,
			);
			name = Frameworks;
			sourceTree = "<group>";
		};
		4F0F1D8D2065C17400B04E28 /* Home */ = {
			isa = PBXGroup;
			children = (
				4F0F1D8E2065C18300B04E28 /* HomeViewController.swift */,
			);
			path = Home;
			sourceTree = "<group>";
		};
		4F1D9D112066E36C0065E3EF /* Balance */ = {
			isa = PBXGroup;
			children = (
				4F1D9D122066E37D0065E3EF /* BalanceViewController.swift */,
				4F2CABAD20699A0F0016B62F /* ReceiveViewController.swift */,
				4FCBF713206E730C00663EC3 /* SendViewController.swift */,
			);
			path = Balance;
			sourceTree = "<group>";
		};
		4F1D9D16206806260065E3EF /* Transactions */ = {
			isa = PBXGroup;
			children = (
				4F1D9D19206806790065E3EF /* TransactionsTableViewController.swift */,
				4F77C46820AA4A2A00EA4A8C /* TransactionViewController.swift */,
			);
			path = Transactions;
			sourceTree = "<group>";
		};
		4F1D9D172068062E0065E3EF /* Accounts */ = {
			isa = PBXGroup;
			children = (
				4F1D9D1B206806B70065E3EF /* AccountsViewController.swift */,
			);
			path = Accounts;
			sourceTree = "<group>";
		};
		4F1D9D182068063E0065E3EF /* Settings */ = {
			isa = PBXGroup;
			children = (
				4F1D9D1D206806CE0065E3EF /* SettingsViewController.swift */,
				4FF7C8FE20B0EBAC0080750E /* SettingsTableViewController.swift */,
			);
			path = Settings;
			sourceTree = "<group>";
		};
		4F2CAB8E20698F510016B62F /* Networking */ = {
			isa = PBXGroup;
			children = (
				4F2CAB8F20698F510016B62F /* ResultParsing.swift */,
				4F2CAB9020698F510016B62F /* MultipartRequest.swift */,
				4F2CAB9120698F510016B62F /* Requester.swift */,
				4F2CAB9220698F510016B62F /* Result.swift */,
				4F2CAB9320698F510016B62F /* Client.swift */,
				4F2CAB9420698F510016B62F /* AuthenticatedQueue.swift */,
				4F2CAB9520698F510016B62F /* Request.swift */,
			);
			path = Networking;
			sourceTree = "<group>";
		};
		4F2CAB9D20698F640016B62F /* Requests */ = {
			isa = PBXGroup;
			children = (
				4F2CABA020698F9E0016B62F /* ExplorerRequest.swift */,
				4F762B6E206AFA8400B8CC55 /* AddressRequest.swift */,
				4F244285206BE66B008E1600 /* TransactionRequest.swift */,
			);
			path = Requests;
			sourceTree = "<group>";
		};
		4F2CABB7206AA7620016B62F /* Models */ = {
			isa = PBXGroup;
			children = (
				4F2CABB8206AA76E0016B62F /* Account.swift */,
				4F24428B206BF30F008E1600 /* AccountTransaction.swift */,
				4F528996206AB8150027BA59 /* Address.swift */,
				4FE16969206D49490090185D /* AddressTransaction.swift */,
				4F244283206BD4AD008E1600 /* AddressDetails.swift */,
				4F244281206BD0DD008E1600 /* Balance.swift */,
				4F762B6C206AF19200B8CC55 /* Transaction.swift */,
				4F244287206BE89F008E1600 /* Input.swift */,
				4F244289206BE8A6008E1600 /* Output.swift */,
				4F84E5C3206E9642001CD456 /* Bip21Reading.swift */,
				4F384588209237920078EDF6 /* FSCBlock.swift */,
				4FCD8F4F209267BC00B97A37 /* FSCTransaction.swift */,
				4FCD8F512092681200B97A37 /* FSCTransactionInput.swift */,
				4FF4D43E209389ED00278A06 /* Wallet.swift */,
				4F660A592093BA8900ED67D9 /* FSCAddress.swift */,
				4FF59A9E2093F68C001A89AF /* WalletCredit.swift */,
				4FF59AA02093F694001A89AF /* WalletDebit.swift */,
				4FB49A9A2098EAB5000E04B6 /* WalletTransaction.swift */,
				4FF7C90020B0EC160080750E /* Setting.swift */,
				4FF7C90220B0EC410080750E /* SettingSectionViewModel.swift */,
			);
			path = Models;
			sourceTree = "<group>";
		};
		4F32871E208FF6F900CCCDC4 /* Blockchain */ = {
			isa = PBXGroup;
			children = (
				4F32871F208FF70600CCCDC4 /* Blockchain.swift */,
				4FF4D44020938A6D00278A06 /* FileChain.swift */,
			);
			path = Blockchain;
			sourceTree = "<group>";
		};
		4F52899A206ABF210027BA59 /* Services */ = {
			isa = PBXGroup;
			children = (
				4F52899B206ABF360027BA59 /* Service.swift */,
				4F24427F206B0AB0008E1600 /* AddressService.swift */,
			);
			path = Services;
			sourceTree = "<group>";
		};
		4F6AFB98208FE06B00031CA2 /* Network */ = {
			isa = PBXGroup;
			children = (
				4F9970F9209D2695001E8191 /* Handlers */,
				4F6AFB99208FE07A00031CA2 /* NetworkMananger.swift */,
				4F0F8D692097593500831010 /* SyncTask.swift */,
			);
			path = Network;
			sourceTree = "<group>";
		};
		4F8FC8E4209D059D0007FA1F /* Recovered References */ = {
			isa = PBXGroup;
			children = (
				4FA4F24F208E71530043A20F /* CoinKit.framework */,
			);
			name = "Recovered References";
			sourceTree = "<group>";
		};
		4F9970F9209D2695001E8191 /* Handlers */ = {
			isa = PBXGroup;
			children = (
			);
			path = Handlers;
			sourceTree = "<group>";
		};
		4FAFE17F2066BC0D00F0B4BB /* Extensions */ = {
			isa = PBXGroup;
			children = (
				4FAFE18A2066BCE500F0B4BB /* UIFont+Style.swift */,
				4FAFE18C2066BFC300F0B4BB /* UIColor+Style.swift */,
				4F1D9D0F2066E01C0065E3EF /* UIButton+Style.swift */,
				4F84E5C5206E9983001CD456 /* UITextField+Currency.swift */,
				4FED4AB520A9FE380094B2CD /* WalletDebit+Array.swift */,
			);
			path = Extensions;
			sourceTree = "<group>";
		};
		4FAFE1852066BC7500F0B4BB /* Fonts */ = {
			isa = PBXGroup;
			children = (
				4FAFE1872066BC8300F0B4BB /* Montserrat-Bold.ttf */,
				4FAFE1862066BC8300F0B4BB /* Montserrat-Regular.ttf */,
			);
			path = Fonts;
			sourceTree = "<group>";
		};
		4FB49AA020991728000E04B6 /* Protocols */ = {
			isa = PBXGroup;
			children = (
				4FB49AA120991735000E04B6 /* ReusableCell.swift */,
				4F9970FE209FB3FF001E8191 /* ChainElement.swift */,
			);
			path = Protocols;
			sourceTree = "<group>";
		};
		4FCBF710206E70C700663EC3 /* Send */ = {
			isa = PBXGroup;
			children = (
				4FD836E9206C47FE00C016C7 /* SendAmountViewController.swift */,
				4FCBF711206E710000663EC3 /* SendAddressViewController.swift */,
			);
			path = Send;
			sourceTree = "<group>";
		};
		4FE1696B206D5CEB0090185D /* Views */ = {
			isa = PBXGroup;
			children = (
				4FF7C90420B0F1180080750E /* SettingCells */,
				4FE1696C206D5D010090185D /* NumberPadView.swift */,
				4F493527206E755C0046A31C /* InputFieldView.swift */,
				4FB49A9E2099134C000E04B6 /* TransactionTableViewCell.swift */,
			);
			path = Views;
			sourceTree = "<group>";
		};
		4FF4D44220938E3900278A06 /* Data */ = {
			isa = PBXGroup;
			children = (
				4FF4D44320938E3900278A06 /* blk0001.dat */,
			);
			path = Data;
			sourceTree = "<group>";
		};
		4FF59A972093E195001A89AF /* WalletStore */ = {
			isa = PBXGroup;
			children = (
				4FF59A982093E1A4001A89AF /* WalletStore.swift */,
			);
			path = WalletStore;
			sourceTree = "<group>";
		};
		4FF7C90420B0F1180080750E /* SettingCells */ = {
			isa = PBXGroup;
			children = (
				4FF7C90520B0F1250080750E /* SettingCell.swift */,
				4FF7C90720B0F1F80080750E /* SettingDisplayTableViewCell.swift */,
			);
			path = SettingCells;
			sourceTree = "<group>";
		};
/* End PBXGroup section */

/* Begin PBXNativeTarget section */
		4F0F1CD620654FDA00B04E28 /* FriendshipCoin */ = {
			isa = PBXNativeTarget;
			buildConfigurationList = 4F0F1CFF20654FDA00B04E28 /* Build configuration list for PBXNativeTarget "FriendshipCoin" */;
			buildPhases = (
				4F0F1CD320654FDA00B04E28 /* Sources */,
				4F0F1CD420654FDA00B04E28 /* Frameworks */,
				4F0F1CD520654FDA00B04E28 /* Resources */,
				4F0F1D8C2065C0F200B04E28 /* Embed Frameworks */,
				4FD836E8206C374B00C016C7 /* Carthage */,
			);
			buildRules = (
			);
			dependencies = (
			);
			name = FriendshipCoin;
			productName = FriendshipCoin;
			productReference = 4F0F1CD720654FDA00B04E28 /* FriendshipCoin.app */;
			productType = "com.apple.product-type.application";
		};
		4F0F1CEA20654FDA00B04E28 /* FriendshipCoinTests */ = {
			isa = PBXNativeTarget;
			buildConfigurationList = 4F0F1D0220654FDA00B04E28 /* Build configuration list for PBXNativeTarget "FriendshipCoinTests" */;
			buildPhases = (
				4F0F1CE720654FDA00B04E28 /* Sources */,
				4F0F1CE820654FDA00B04E28 /* Frameworks */,
				4F0F1CE920654FDA00B04E28 /* Resources */,
			);
			buildRules = (
			);
			dependencies = (
				4F0F1CED20654FDA00B04E28 /* PBXTargetDependency */,
			);
			name = FriendshipCoinTests;
			productName = FriendshipCoinTests;
			productReference = 4F0F1CEB20654FDA00B04E28 /* FriendshipCoinTests.xctest */;
			productType = "com.apple.product-type.bundle.unit-test";
		};
		4F0F1CF520654FDA00B04E28 /* FriendshipCoinUITests */ = {
			isa = PBXNativeTarget;
			buildConfigurationList = 4F0F1D0520654FDA00B04E28 /* Build configuration list for PBXNativeTarget "FriendshipCoinUITests" */;
			buildPhases = (
				4F0F1CF220654FDA00B04E28 /* Sources */,
				4F0F1CF320654FDA00B04E28 /* Frameworks */,
				4F0F1CF420654FDA00B04E28 /* Resources */,
			);
			buildRules = (
			);
			dependencies = (
				4F0F1CF820654FDA00B04E28 /* PBXTargetDependency */,
			);
			name = FriendshipCoinUITests;
			productName = FriendshipCoinUITests;
			productReference = 4F0F1CF620654FDA00B04E28 /* FriendshipCoinUITests.xctest */;
			productType = "com.apple.product-type.bundle.ui-testing";
		};
/* End PBXNativeTarget section */

/* Begin PBXProject section */
		4F0F1CCF20654FDA00B04E28 /* Project object */ = {
			isa = PBXProject;
			attributes = {
				LastSwiftUpdateCheck = 0920;
				LastUpgradeCheck = 0920;
				ORGANIZATIONNAME = FriendshipCoin;
				TargetAttributes = {
					4F0F1CD620654FDA00B04E28 = {
						CreatedOnToolsVersion = 9.2;
						ProvisioningStyle = Automatic;
						SystemCapabilities = {
							com.apple.BackgroundModes = {
								enabled = 1;
							};
						};
					};
					4F0F1CEA20654FDA00B04E28 = {
						CreatedOnToolsVersion = 9.2;
						ProvisioningStyle = Automatic;
						TestTargetID = 4F0F1CD620654FDA00B04E28;
					};
					4F0F1CF520654FDA00B04E28 = {
						CreatedOnToolsVersion = 9.2;
						ProvisioningStyle = Automatic;
						TestTargetID = 4F0F1CD620654FDA00B04E28;
					};
				};
			};
			buildConfigurationList = 4F0F1CD220654FDA00B04E28 /* Build configuration list for PBXProject "FriendshipCoin" */;
			compatibilityVersion = "Xcode 8.0";
			developmentRegion = en;
			hasScannedForEncodings = 0;
			knownRegions = (
				en,
				Base,
			);
			mainGroup = 4F0F1CCE20654FDA00B04E28;
			productRefGroup = 4F0F1CD820654FDA00B04E28 /* Products */;
			projectDirPath = "";
			projectRoot = "";
			targets = (
				4F0F1CD620654FDA00B04E28 /* FriendshipCoin */,
				4F0F1CEA20654FDA00B04E28 /* FriendshipCoinTests */,
				4F0F1CF520654FDA00B04E28 /* FriendshipCoinUITests */,
			);
		};
/* End PBXProject section */

/* Begin PBXResourcesBuildPhase section */
		4F0F1CD520654FDA00B04E28 /* Resources */ = {
			isa = PBXResourcesBuildPhase;
			buildActionMask = 2147483647;
			files = (
				4FAFE1892066BC8300F0B4BB /* Montserrat-Bold.ttf in Resources */,
				4FAFE1882066BC8300F0B4BB /* Montserrat-Regular.ttf in Resources */,
				4F1D9D15206805BE0065E3EF /* Assets.xcassets in Resources */,
				4FF4D44420938E3A00278A06 /* blk0001.dat in Resources */,
				4F0F1CE520654FDA00B04E28 /* LaunchScreen.storyboard in Resources */,
			);
			runOnlyForDeploymentPostprocessing = 0;
		};
		4F0F1CE920654FDA00B04E28 /* Resources */ = {
			isa = PBXResourcesBuildPhase;
			buildActionMask = 2147483647;
			files = (
			);
			runOnlyForDeploymentPostprocessing = 0;
		};
		4F0F1CF420654FDA00B04E28 /* Resources */ = {
			isa = PBXResourcesBuildPhase;
			buildActionMask = 2147483647;
			files = (
			);
			runOnlyForDeploymentPostprocessing = 0;
		};
/* End PBXResourcesBuildPhase section */

/* Begin PBXShellScriptBuildPhase section */
		4FD836E8206C374B00C016C7 /* Carthage */ = {
			isa = PBXShellScriptBuildPhase;
			buildActionMask = 2147483647;
			files = (
			);
			inputPaths = (
				"$(SRCROOT)/Carthage/Build/iOS/QRCode.framework",
				"$(SRCROOT)/Carthage/Build/iOS/BigInt.framework",
				"$(SRCROOT)/Carthage/Build/iOS/SipHash.framework",
				"$(SRCROOT)/Carthage/Build/iOS/TinyConstraints.framework",
				"$(SRCROOT)/Carthage/Build/iOS/KeychainAccess.framework",
				"$(SRCROOT)/Carthage/Build/iOS/CommonCrypto.framework",
				"$(SRCROOT)/Carthage/Build/iOS/Crypto.framework",
				"$(SRCROOT)/Carthage/Build/iOS/Stevia.framework",
				"$(SRCROOT)/Carthage/Build/iOS/SwiftyJSON.framework",
				"$(SRCROOT)/Carthage/Build/iOS/QRCodeReader.framework",
				"$(SRCROOT)/Carthage/Build/iOS/SwiftMoment.framework",
				"$(SRCROOT)/Carthage/Build/iOS/ToastSwiftFramework.framework",
			);
			name = Carthage;
			outputPaths = (
				"$(BUILT_PRODUCTS_DIR)/$(FRAMEWORKS_FOLDER_PATH)/QRCode.framework",
				"$(BUILT_PRODUCTS_DIR)/$(FRAMEWORKS_FOLDER_PATH)/BigInt.framework",
				"$(BUILT_PRODUCTS_DIR)/$(FRAMEWORKS_FOLDER_PATH)/SipHash.framework",
				"$(BUILT_PRODUCTS_DIR)/$(FRAMEWORKS_FOLDER_PATH)/TinyConstraints.framework",
				"$(BUILT_PRODUCTS_DIR)/$(FRAMEWORKS_FOLDER_PATH)/KeychainAccess.framework",
				"$(BUILT_PRODUCTS_DIR)/$(FRAMEWORKS_FOLDER_PATH)/CommonCrypto.framework",
				"$(BUILT_PRODUCTS_DIR)/$(FRAMEWORKS_FOLDER_PATH)/Crypto.framework",
				"$(BUILT_PRODUCTS_DIR)/$(FRAMEWORKS_FOLDER_PATH)/Stevia.framework",
				"$(BUILT_PRODUCTS_DIR)/$(FRAMEWORKS_FOLDER_PATH)/SwiftyJSON.framework",
				"$(BUILT_PRODUCTS_DIR)/$(FRAMEWORKS_FOLDER_PATH)/QRCodeReader.framework",
				"$(BUILT_PRODUCTS_DIR)/$(FRAMEWORKS_FOLDER_PATH)/SwiftMoment.framework",
				"$(BUILT_PRODUCTS_DIR)/$(FRAMEWORKS_FOLDER_PATH)/ToastSwiftFramework.framework",
			);
			runOnlyForDeploymentPostprocessing = 0;
			shellPath = /bin/sh;
			shellScript = "/usr/local/bin/carthage copy-frameworks";
		};
/* End PBXShellScriptBuildPhase section */

/* Begin PBXSourcesBuildPhase section */
		4F0F1CD320654FDA00B04E28 /* Sources */ = {
			isa = PBXSourcesBuildPhase;
			buildActionMask = 2147483647;
			files = (
				4FF4D43F209389ED00278A06 /* Wallet.swift in Sources */,
				4F762B6F206AFA8400B8CC55 /* AddressRequest.swift in Sources */,
				4FB49AA220991735000E04B6 /* ReusableCell.swift in Sources */,
				4FCBF714206E730C00663EC3 /* SendViewController.swift in Sources */,
				4F84E5C4206E9642001CD456 /* Bip21Reading.swift in Sources */,
				4FAFE18D2066BFC300F0B4BB /* UIColor+Style.swift in Sources */,
				4FED4AB420A9FC1F0094B2CD /* LocalNotificationsManager.swift in Sources */,
				4F2CAB9620698F520016B62F /* ResultParsing.swift in Sources */,
				4F2CABA120698F9E0016B62F /* ExplorerRequest.swift in Sources */,
				4F2CAB9920698F520016B62F /* Result.swift in Sources */,
				4F2CAB9820698F520016B62F /* Requester.swift in Sources */,
				4F0F1D7D2065BF3F00B04E28 /* OnboardingNavigationViewController.swift in Sources */,
				4FE1696A206D49490090185D /* AddressTransaction.swift in Sources */,
				4F244282206BD0DD008E1600 /* Balance.swift in Sources */,
				4F762B6D206AF19200B8CC55 /* Transaction.swift in Sources */,
				4F0F1D6A2065B2DD00B04E28 /* AddressManager.swift in Sources */,
				4FE1696D206D5D010090185D /* NumberPadView.swift in Sources */,
				4F0F1D652065B15300B04E28 /* TabBarController.swift in Sources */,
				4FF7C90620B0F1250080750E /* SettingCell.swift in Sources */,
				4FD836EA206C47FE00C016C7 /* SendAmountViewController.swift in Sources */,
				4F77C46920AA4A2A00EA4A8C /* TransactionViewController.swift in Sources */,
				4F1D9D102066E01C0065E3EF /* UIButton+Style.swift in Sources */,
				4F6AFB9A208FE07A00031CA2 /* NetworkMananger.swift in Sources */,
				4F2CABB9206AA76E0016B62F /* Account.swift in Sources */,
				4F1D9D1A206806790065E3EF /* TransactionsTableViewController.swift in Sources */,
				4FF7C90320B0EC410080750E /* SettingSectionViewModel.swift in Sources */,
				4FF59A9F2093F68C001A89AF /* WalletCredit.swift in Sources */,
				4FB49A9F2099134C000E04B6 /* TransactionTableViewCell.swift in Sources */,
				4FB49A9B2098EAB5000E04B6 /* WalletTransaction.swift in Sources */,
				4F9970FF209FB3FF001E8191 /* ChainElement.swift in Sources */,
				4F0F8D6A2097593500831010 /* SyncTask.swift in Sources */,
				4FF59A992093E1A4001A89AF /* WalletStore.swift in Sources */,
				4F244288206BE89F008E1600 /* Input.swift in Sources */,
				4F0F1D7F2065BF7900B04E28 /* OnboardingViewController.swift in Sources */,
				4FF7C90820B0F1F80080750E /* SettingDisplayTableViewCell.swift in Sources */,
				4F52899C206ABF360027BA59 /* Service.swift in Sources */,
				4F2CAB9B20698F520016B62F /* AuthenticatedQueue.swift in Sources */,
				4F493528206E755C0046A31C /* InputFieldView.swift in Sources */,
				4F0F1CDB20654FDA00B04E28 /* AppDelegate.swift in Sources */,
				4FF7C8FF20B0EBAC0080750E /* SettingsTableViewController.swift in Sources */,
				4F2CABAE20699A0F0016B62F /* ReceiveViewController.swift in Sources */,
				4F2CABB6206AA5BC0016B62F /* AccountManager.swift in Sources */,
				4F1D9D1E206806CE0065E3EF /* SettingsViewController.swift in Sources */,
				4F24428A206BE8A6008E1600 /* Output.swift in Sources */,
				4F244280206B0AB0008E1600 /* AddressService.swift in Sources */,
				4F384589209237920078EDF6 /* FSCBlock.swift in Sources */,
				4FCD8F522092681200B97A37 /* FSCTransactionInput.swift in Sources */,
				4FAFE1902066C74600F0B4BB /* NewWalletViewController.swift in Sources */,
				4FED4AB620A9FE380094B2CD /* WalletDebit+Array.swift in Sources */,
				4F660A5A2093BA8900ED67D9 /* FSCAddress.swift in Sources */,
				4F0F1D8F2065C18300B04E28 /* HomeViewController.swift in Sources */,
				4FF4D44120938A6D00278A06 /* FileChain.swift in Sources */,
				4F2CAB9C20698F520016B62F /* Request.swift in Sources */,
				4F244286206BE66B008E1600 /* TransactionRequest.swift in Sources */,
				4FB49A9D2099088E000E04B6 /* TransactionManager.swift in Sources */,
				4F2CABB4206A9AEC0016B62F /* RestoreWalletViewController.swift in Sources */,
				4FCD8F50209267BC00B97A37 /* FSCTransaction.swift in Sources */,
				4F2CAB9720698F520016B62F /* MultipartRequest.swift in Sources */,
				4FF59AA12093F694001A89AF /* WalletDebit.swift in Sources */,
				4F528997206AB8150027BA59 /* Address.swift in Sources */,
				4FAFE18B2066BCE500F0B4BB /* UIFont+Style.swift in Sources */,
				4FCBF712206E710000663EC3 /* SendAddressViewController.swift in Sources */,
				4F0F1D6C2065B2E600B04E28 /* KeyManager.swift in Sources */,
				4F328720208FF70600CCCDC4 /* Blockchain.swift in Sources */,
				4F1D9D1C206806B70065E3EF /* AccountsViewController.swift in Sources */,
				4F244284206BD4AD008E1600 /* AddressDetails.swift in Sources */,
				4F84E5C6206E9983001CD456 /* UITextField+Currency.swift in Sources */,
				4F2CAB9A20698F520016B62F /* Client.swift in Sources */,
				4F24428C206BF30F008E1600 /* AccountTransaction.swift in Sources */,
				4FF7C90120B0EC160080750E /* Setting.swift in Sources */,
				4F1D9D132066E37D0065E3EF /* BalanceViewController.swift in Sources */,
			);
			runOnlyForDeploymentPostprocessing = 0;
		};
		4F0F1CE720654FDA00B04E28 /* Sources */ = {
			isa = PBXSourcesBuildPhase;
			buildActionMask = 2147483647;
			files = (
				4F0F1CF020654FDA00B04E28 /* FriendshipCoinTests.swift in Sources */,
			);
			runOnlyForDeploymentPostprocessing = 0;
		};
		4F0F1CF220654FDA00B04E28 /* Sources */ = {
			isa = PBXSourcesBuildPhase;
			buildActionMask = 2147483647;
			files = (
				4F0F1CFB20654FDA00B04E28 /* FriendshipCoinUITests.swift in Sources */,
			);
			runOnlyForDeploymentPostprocessing = 0;
		};
/* End PBXSourcesBuildPhase section */

/* Begin PBXTargetDependency section */
		4F0F1CED20654FDA00B04E28 /* PBXTargetDependency */ = {
			isa = PBXTargetDependency;
			target = 4F0F1CD620654FDA00B04E28 /* FriendshipCoin */;
			targetProxy = 4F0F1CEC20654FDA00B04E28 /* PBXContainerItemProxy */;
		};
		4F0F1CF820654FDA00B04E28 /* PBXTargetDependency */ = {
			isa = PBXTargetDependency;
			target = 4F0F1CD620654FDA00B04E28 /* FriendshipCoin */;
			targetProxy = 4F0F1CF720654FDA00B04E28 /* PBXContainerItemProxy */;
		};
/* End PBXTargetDependency section */

/* Begin PBXVariantGroup section */
		4F0F1CE320654FDA00B04E28 /* LaunchScreen.storyboard */ = {
			isa = PBXVariantGroup;
			children = (
				4F0F1CE420654FDA00B04E28 /* Base */,
			);
			name = LaunchScreen.storyboard;
			sourceTree = "<group>";
		};
/* End PBXVariantGroup section */

/* Begin XCBuildConfiguration section */
		4F0F1CFD20654FDA00B04E28 /* Debug */ = {
			isa = XCBuildConfiguration;
			buildSettings = {
				ALWAYS_SEARCH_USER_PATHS = NO;
				CLANG_ANALYZER_NONNULL = YES;
				CLANG_ANALYZER_NUMBER_OBJECT_CONVERSION = YES_AGGRESSIVE;
				CLANG_CXX_LANGUAGE_STANDARD = "gnu++14";
				CLANG_CXX_LIBRARY = "libc++";
				CLANG_ENABLE_MODULES = YES;
				CLANG_ENABLE_OBJC_ARC = YES;
				CLANG_WARN_BLOCK_CAPTURE_AUTORELEASING = YES;
				CLANG_WARN_BOOL_CONVERSION = YES;
				CLANG_WARN_COMMA = YES;
				CLANG_WARN_CONSTANT_CONVERSION = YES;
				CLANG_WARN_DIRECT_OBJC_ISA_USAGE = YES_ERROR;
				CLANG_WARN_DOCUMENTATION_COMMENTS = YES;
				CLANG_WARN_EMPTY_BODY = YES;
				CLANG_WARN_ENUM_CONVERSION = YES;
				CLANG_WARN_INFINITE_RECURSION = YES;
				CLANG_WARN_INT_CONVERSION = YES;
				CLANG_WARN_NON_LITERAL_NULL_CONVERSION = YES;
				CLANG_WARN_OBJC_LITERAL_CONVERSION = YES;
				CLANG_WARN_OBJC_ROOT_CLASS = YES_ERROR;
				CLANG_WARN_RANGE_LOOP_ANALYSIS = YES;
				CLANG_WARN_STRICT_PROTOTYPES = YES;
				CLANG_WARN_SUSPICIOUS_MOVE = YES;
				CLANG_WARN_UNGUARDED_AVAILABILITY = YES_AGGRESSIVE;
				CLANG_WARN_UNREACHABLE_CODE = YES;
				CLANG_WARN__DUPLICATE_METHOD_MATCH = YES;
				CODE_SIGN_IDENTITY = "iPhone Developer";
				COPY_PHASE_STRIP = NO;
				DEBUG_INFORMATION_FORMAT = dwarf;
				ENABLE_STRICT_OBJC_MSGSEND = YES;
				ENABLE_TESTABILITY = YES;
				GCC_C_LANGUAGE_STANDARD = gnu11;
				GCC_DYNAMIC_NO_PIC = NO;
				GCC_NO_COMMON_BLOCKS = YES;
				GCC_OPTIMIZATION_LEVEL = 0;
				GCC_PREPROCESSOR_DEFINITIONS = (
					"DEBUG=1",
					"$(inherited)",
				);
				GCC_WARN_64_TO_32_BIT_CONVERSION = YES;
				GCC_WARN_ABOUT_RETURN_TYPE = YES_ERROR;
				GCC_WARN_UNDECLARED_SELECTOR = YES;
				GCC_WARN_UNINITIALIZED_AUTOS = YES_AGGRESSIVE;
				GCC_WARN_UNUSED_FUNCTION = YES;
				GCC_WARN_UNUSED_VARIABLE = YES;
				IPHONEOS_DEPLOYMENT_TARGET = 11.2;
				MTL_ENABLE_DEBUG_INFO = YES;
				ONLY_ACTIVE_ARCH = YES;
				SDKROOT = iphoneos;
				SWIFT_ACTIVE_COMPILATION_CONDITIONS = DEBUG;
				SWIFT_OPTIMIZATION_LEVEL = "-Onone";
			};
			name = Debug;
		};
		4F0F1CFE20654FDA00B04E28 /* Release */ = {
			isa = XCBuildConfiguration;
			buildSettings = {
				ALWAYS_SEARCH_USER_PATHS = NO;
				CLANG_ANALYZER_NONNULL = YES;
				CLANG_ANALYZER_NUMBER_OBJECT_CONVERSION = YES_AGGRESSIVE;
				CLANG_CXX_LANGUAGE_STANDARD = "gnu++14";
				CLANG_CXX_LIBRARY = "libc++";
				CLANG_ENABLE_MODULES = YES;
				CLANG_ENABLE_OBJC_ARC = YES;
				CLANG_WARN_BLOCK_CAPTURE_AUTORELEASING = YES;
				CLANG_WARN_BOOL_CONVERSION = YES;
				CLANG_WARN_COMMA = YES;
				CLANG_WARN_CONSTANT_CONVERSION = YES;
				CLANG_WARN_DIRECT_OBJC_ISA_USAGE = YES_ERROR;
				CLANG_WARN_DOCUMENTATION_COMMENTS = YES;
				CLANG_WARN_EMPTY_BODY = YES;
				CLANG_WARN_ENUM_CONVERSION = YES;
				CLANG_WARN_INFINITE_RECURSION = YES;
				CLANG_WARN_INT_CONVERSION = YES;
				CLANG_WARN_NON_LITERAL_NULL_CONVERSION = YES;
				CLANG_WARN_OBJC_LITERAL_CONVERSION = YES;
				CLANG_WARN_OBJC_ROOT_CLASS = YES_ERROR;
				CLANG_WARN_RANGE_LOOP_ANALYSIS = YES;
				CLANG_WARN_STRICT_PROTOTYPES = YES;
				CLANG_WARN_SUSPICIOUS_MOVE = YES;
				CLANG_WARN_UNGUARDED_AVAILABILITY = YES_AGGRESSIVE;
				CLANG_WARN_UNREACHABLE_CODE = YES;
				CLANG_WARN__DUPLICATE_METHOD_MATCH = YES;
				CODE_SIGN_IDENTITY = "iPhone Developer";
				COPY_PHASE_STRIP = NO;
				DEBUG_INFORMATION_FORMAT = "dwarf-with-dsym";
				ENABLE_NS_ASSERTIONS = NO;
				ENABLE_STRICT_OBJC_MSGSEND = YES;
				GCC_C_LANGUAGE_STANDARD = gnu11;
				GCC_NO_COMMON_BLOCKS = YES;
				GCC_WARN_64_TO_32_BIT_CONVERSION = YES;
				GCC_WARN_ABOUT_RETURN_TYPE = YES_ERROR;
				GCC_WARN_UNDECLARED_SELECTOR = YES;
				GCC_WARN_UNINITIALIZED_AUTOS = YES_AGGRESSIVE;
				GCC_WARN_UNUSED_FUNCTION = YES;
				GCC_WARN_UNUSED_VARIABLE = YES;
				IPHONEOS_DEPLOYMENT_TARGET = 11.2;
				MTL_ENABLE_DEBUG_INFO = NO;
				SDKROOT = iphoneos;
				SWIFT_OPTIMIZATION_LEVEL = "-Owholemodule";
				VALIDATE_PRODUCT = YES;
			};
			name = Release;
		};
		4F0F1D0020654FDA00B04E28 /* Debug */ = {
			isa = XCBuildConfiguration;
			buildSettings = {
				ASSETCATALOG_COMPILER_APPICON_NAME = AppIcon;
				CODE_SIGN_STYLE = Automatic;
				DEVELOPMENT_TEAM = 8S4N3E7VRA;
				FRAMEWORK_SEARCH_PATHS = (
					"$(inherited)",
					"$(PROJECT_DIR)/Carthage/Build/iOS",
				);
				INFOPLIST_FILE = FriendshipCoin/Info.plist;
				IPHONEOS_DEPLOYMENT_TARGET = 11.0;
				LD_RUNPATH_SEARCH_PATHS = "$(inherited) @executable_path/Frameworks";
				PRODUCT_BUNDLE_IDENTIFIER = com.elliottminns.friendshipcoin;
				PRODUCT_NAME = "$(TARGET_NAME)";
				SWIFT_VERSION = 4.0;
				TARGETED_DEVICE_FAMILY = "1,2";
			};
			name = Debug;
		};
		4F0F1D0120654FDA00B04E28 /* Release */ = {
			isa = XCBuildConfiguration;
			buildSettings = {
				ASSETCATALOG_COMPILER_APPICON_NAME = AppIcon;
				CODE_SIGN_STYLE = Automatic;
				DEVELOPMENT_TEAM = 8S4N3E7VRA;
				FRAMEWORK_SEARCH_PATHS = (
					"$(inherited)",
					"$(PROJECT_DIR)/Carthage/Build/iOS",
				);
				INFOPLIST_FILE = FriendshipCoin/Info.plist;
				IPHONEOS_DEPLOYMENT_TARGET = 11.0;
				LD_RUNPATH_SEARCH_PATHS = "$(inherited) @executable_path/Frameworks";
				PRODUCT_BUNDLE_IDENTIFIER = com.elliottminns.friendshipcoin;
				PRODUCT_NAME = "$(TARGET_NAME)";
				SWIFT_VERSION = 4.0;
				TARGETED_DEVICE_FAMILY = "1,2";
			};
			name = Release;
		};
		4F0F1D0320654FDA00B04E28 /* Debug */ = {
			isa = XCBuildConfiguration;
			buildSettings = {
				ALWAYS_EMBED_SWIFT_STANDARD_LIBRARIES = YES;
				BUNDLE_LOADER = "$(TEST_HOST)";
				CODE_SIGN_STYLE = Automatic;
				DEVELOPMENT_TEAM = 8S4N3E7VRA;
				INFOPLIST_FILE = FriendshipCoinTests/Info.plist;
				LD_RUNPATH_SEARCH_PATHS = "$(inherited) @executable_path/Frameworks @loader_path/Frameworks";
				PRODUCT_BUNDLE_IDENTIFIER = com.friendshipcoin.FriendshipCoinTests;
				PRODUCT_NAME = "$(TARGET_NAME)";
				SWIFT_VERSION = 4.0;
				TARGETED_DEVICE_FAMILY = "1,2";
				TEST_HOST = "$(BUILT_PRODUCTS_DIR)/FriendshipCoin.app/FriendshipCoin";
			};
			name = Debug;
		};
		4F0F1D0420654FDA00B04E28 /* Release */ = {
			isa = XCBuildConfiguration;
			buildSettings = {
				ALWAYS_EMBED_SWIFT_STANDARD_LIBRARIES = YES;
				BUNDLE_LOADER = "$(TEST_HOST)";
				CODE_SIGN_STYLE = Automatic;
				DEVELOPMENT_TEAM = 8S4N3E7VRA;
				INFOPLIST_FILE = FriendshipCoinTests/Info.plist;
				LD_RUNPATH_SEARCH_PATHS = "$(inherited) @executable_path/Frameworks @loader_path/Frameworks";
				PRODUCT_BUNDLE_IDENTIFIER = com.friendshipcoin.FriendshipCoinTests;
				PRODUCT_NAME = "$(TARGET_NAME)";
				SWIFT_VERSION = 4.0;
				TARGETED_DEVICE_FAMILY = "1,2";
				TEST_HOST = "$(BUILT_PRODUCTS_DIR)/FriendshipCoin.app/FriendshipCoin";
			};
			name = Release;
		};
		4F0F1D0620654FDA00B04E28 /* Debug */ = {
			isa = XCBuildConfiguration;
			buildSettings = {
				ALWAYS_EMBED_SWIFT_STANDARD_LIBRARIES = YES;
				CODE_SIGN_STYLE = Automatic;
				DEVELOPMENT_TEAM = 8S4N3E7VRA;
				INFOPLIST_FILE = FriendshipCoinUITests/Info.plist;
				LD_RUNPATH_SEARCH_PATHS = "$(inherited) @executable_path/Frameworks @loader_path/Frameworks";
				PRODUCT_BUNDLE_IDENTIFIER = com.friendshipcoin.FriendshipCoinUITests;
				PRODUCT_NAME = "$(TARGET_NAME)";
				SWIFT_VERSION = 4.0;
				TARGETED_DEVICE_FAMILY = "1,2";
				TEST_TARGET_NAME = FriendshipCoin;
			};
			name = Debug;
		};
		4F0F1D0720654FDA00B04E28 /* Release */ = {
			isa = XCBuildConfiguration;
			buildSettings = {
				ALWAYS_EMBED_SWIFT_STANDARD_LIBRARIES = YES;
				CODE_SIGN_STYLE = Automatic;
				DEVELOPMENT_TEAM = 8S4N3E7VRA;
				INFOPLIST_FILE = FriendshipCoinUITests/Info.plist;
				LD_RUNPATH_SEARCH_PATHS = "$(inherited) @executable_path/Frameworks @loader_path/Frameworks";
				PRODUCT_BUNDLE_IDENTIFIER = com.friendshipcoin.FriendshipCoinUITests;
				PRODUCT_NAME = "$(TARGET_NAME)";
				SWIFT_VERSION = 4.0;
				TARGETED_DEVICE_FAMILY = "1,2";
				TEST_TARGET_NAME = FriendshipCoin;
			};
			name = Release;
		};
/* End XCBuildConfiguration section */

/* Begin XCConfigurationList section */
		4F0F1CD220654FDA00B04E28 /* Build configuration list for PBXProject "FriendshipCoin" */ = {
			isa = XCConfigurationList;
			buildConfigurations = (
				4F0F1CFD20654FDA00B04E28 /* Debug */,
				4F0F1CFE20654FDA00B04E28 /* Release */,
			);
			defaultConfigurationIsVisible = 0;
			defaultConfigurationName = Release;
		};
		4F0F1CFF20654FDA00B04E28 /* Build configuration list for PBXNativeTarget "FriendshipCoin" */ = {
			isa = XCConfigurationList;
			buildConfigurations = (
				4F0F1D0020654FDA00B04E28 /* Debug */,
				4F0F1D0120654FDA00B04E28 /* Release */,
			);
			defaultConfigurationIsVisible = 0;
			defaultConfigurationName = Release;
		};
		4F0F1D0220654FDA00B04E28 /* Build configuration list for PBXNativeTarget "FriendshipCoinTests" */ = {
			isa = XCConfigurationList;
			buildConfigurations = (
				4F0F1D0320654FDA00B04E28 /* Debug */,
				4F0F1D0420654FDA00B04E28 /* Release */,
			);
			defaultConfigurationIsVisible = 0;
			defaultConfigurationName = Release;
		};
		4F0F1D0520654FDA00B04E28 /* Build configuration list for PBXNativeTarget "FriendshipCoinUITests" */ = {
			isa = XCConfigurationList;
			buildConfigurations = (
				4F0F1D0620654FDA00B04E28 /* Debug */,
				4F0F1D0720654FDA00B04E28 /* Release */,
			);
			defaultConfigurationIsVisible = 0;
			defaultConfigurationName = Release;
		};
/* End XCConfigurationList section */
	};
	rootObject = 4F0F1CCF20654FDA00B04E28 /* Project object */;
}
